
Microsoft Visual Studio Solution File, Format Version 12.00
# Visual Studio Version 16
VisualStudioVersion = 16.0.29728.190
MinimumVisualStudioVersion = 10.0.40219.1
Project("{9A19103F-16F7-4668-BE54-9A1E7A4F7556}") = "Valuation.Domain", "Valuation.Domain\Valuation.Domain.csproj", "{A8C748A8-83FA-4FA7-AD1D-9099650F9614}"
EndProject
Project("{9A19103F-16F7-4668-BE54-9A1E7A4F7556}") = "Valuation.Service", "Valuation.Service\Valuation.Service.csproj", "{C895C990-9486-456C-9DEF-91CDBE10DC95}"
EndProject
Project("{9A19103F-16F7-4668-BE54-9A1E7A4F7556}") = "Valuation.WorldTradingData.Service", "Valuation.WorldTradingData.Service\Valuation.WorldTradingData.Service.csproj", "{05683BD9-5FA9-42A3-BB49-CCAD26A9CCA4}"
EndProject
Project("{9A19103F-16F7-4668-BE54-9A1E7A4F7556}") = "Valuation.WorldTradingData.Repository", "Valuation.WorldTradingData.Repository\Valuation.WorldTradingData.Repository.csproj", "{9F83E932-53BD-4399-94A3-08C2691B32AA}"
EndProject
Project("{2150E333-8FDC-42A3-9474-1A3956D46DE8}") = "Tests", "Tests", "{745EB006-1927-452E-90C2-F8AEFF85FD08}"
EndProject
Project("{9A19103F-16F7-4668-BE54-9A1E7A4F7556}") = "WorldTradingDataService.Test", "WorldTradingDataService.Test\WorldTradingDataService.Test.csproj", "{DA099384-93DA-4F36-95A4-368D1233896E}"
EndProject
Project("{9A19103F-16F7-4668-BE54-9A1E7A4F7556}") = "Valuation.Infrastructure", "Valuation.Infrastructure\Valuation.Infrastructure.csproj", "{F90051BE-9D20-4DC9-8F41-4B84570B2438}"
EndProject
Project("{9A19103F-16F7-4668-BE54-9A1E7A4F7556}") = "Valuation.Console", "Valuation.Console\Valuation.Console.csproj", "{442519C3-FBA9-4805-8E0A-4686C0D9BA02}"
EndProject
Project("{FAE04EC0-301F-11D3-BF4B-00C04F79EFBC}") = "Valuation.Service.Test", "Valuation.Service.Test\Valuation.Service.Test.csproj", "{F6922614-7FEB-416E-9B19-BA1E32740B30}"
EndProject
Global
	GlobalSection(SolutionConfigurationPlatforms) = preSolution
		Debug|Any CPU = Debug|Any CPU
		Release|Any CPU = Release|Any CPU
	EndGlobalSection
	GlobalSection(ProjectConfigurationPlatforms) = postSolution
		{A8C748A8-83FA-4FA7-AD1D-9099650F9614}.Debug|Any CPU.ActiveCfg = Debug|Any CPU
		{A8C748A8-83FA-4FA7-AD1D-9099650F9614}.Debug|Any CPU.Build.0 = Debug|Any CPU
		{A8C748A8-83FA-4FA7-AD1D-9099650F9614}.Release|Any CPU.ActiveCfg = Release|Any CPU
		{A8C748A8-83FA-4FA7-AD1D-9099650F9614}.Release|Any CPU.Build.0 = Release|Any CPU
		{C895C990-9486-456C-9DEF-91CDBE10DC95}.Debug|Any CPU.ActiveCfg = Debug|Any CPU
		{C895C990-9486-456C-9DEF-91CDBE10DC95}.Debug|Any CPU.Build.0 = Debug|Any CPU
		{C895C990-9486-456C-9DEF-91CDBE10DC95}.Release|Any CPU.ActiveCfg = Release|Any CPU
		{C895C990-9486-456C-9DEF-91CDBE10DC95}.Release|Any CPU.Build.0 = Release|Any CPU
		{05683BD9-5FA9-42A3-BB49-CCAD26A9CCA4}.Debug|Any CPU.ActiveCfg = Debug|Any CPU
		{05683BD9-5FA9-42A3-BB49-CCAD26A9CCA4}.Debug|Any CPU.Build.0 = Debug|Any CPU
		{05683BD9-5FA9-42A3-BB49-CCAD26A9CCA4}.Release|Any CPU.ActiveCfg = Release|Any CPU
		{05683BD9-5FA9-42A3-BB49-CCAD26A9CCA4}.Release|Any CPU.Build.0 = Release|Any CPU
		{9F83E932-53BD-4399-94A3-08C2691B32AA}.Debug|Any CPU.ActiveCfg = Debug|Any CPU
		{9F83E932-53BD-4399-94A3-08C2691B32AA}.Debug|Any CPU.Build.0 = Debug|Any CPU
		{9F83E932-53BD-4399-94A3-08C2691B32AA}.Release|Any CPU.ActiveCfg = Release|Any CPU
		{9F83E932-53BD-4399-94A3-08C2691B32AA}.Release|Any CPU.Build.0 = Release|Any CPU
		{DA099384-93DA-4F36-95A4-368D1233896E}.Debug|Any CPU.ActiveCfg = Debug|Any CPU
		{DA099384-93DA-4F36-95A4-368D1233896E}.Debug|Any CPU.Build.0 = Debug|Any CPU
		{DA099384-93DA-4F36-95A4-368D1233896E}.Release|Any CPU.ActiveCfg = Release|Any CPU
		{DA099384-93DA-4F36-95A4-368D1233896E}.Release|Any CPU.Build.0 = Release|Any CPU
		{F90051BE-9D20-4DC9-8F41-4B84570B2438}.Debug|Any CPU.ActiveCfg = Debug|Any CPU
		{F90051BE-9D20-4DC9-8F41-4B84570B2438}.Debug|Any CPU.Build.0 = Debug|Any CPU
		{F90051BE-9D20-4DC9-8F41-4B84570B2438}.Release|Any CPU.ActiveCfg = Release|Any CPU
		{F90051BE-9D20-4DC9-8F41-4B84570B2438}.Release|Any CPU.Build.0 = Release|Any CPU
		{442519C3-FBA9-4805-8E0A-4686C0D9BA02}.Debug|Any CPU.ActiveCfg = Debug|Any CPU
		{442519C3-FBA9-4805-8E0A-4686C0D9BA02}.Debug|Any CPU.Build.0 = Debug|Any CPU
		{442519C3-FBA9-4805-8E0A-4686C0D9BA02}.Release|Any CPU.ActiveCfg = Release|Any CPU
		{442519C3-FBA9-4805-8E0A-4686C0D9BA02}.Release|Any CPU.Build.0 = Release|Any CPU
		{F6922614-7FEB-416E-9B19-BA1E32740B30}.Debug|Any CPU.ActiveCfg = Debug|Any CPU
		{F6922614-7FEB-416E-9B19-BA1E32740B30}.Debug|Any CPU.Build.0 = Debug|Any CPU
		{F6922614-7FEB-416E-9B19-BA1E32740B30}.Release|Any CPU.ActiveCfg = Release|Any CPU
		{F6922614-7FEB-416E-9B19-BA1E32740B30}.Release|Any CPU.Build.0 = Release|Any CPU
	EndGlobalSection
	GlobalSection(SolutionProperties) = preSolution
		HideSolutionNode = FALSE
	EndGlobalSection
	GlobalSection(NestedProjects) = preSolution
		{DA099384-93DA-4F36-95A4-368D1233896E} = {745EB006-1927-452E-90C2-F8AEFF85FD08}
		{F6922614-7FEB-416E-9B19-BA1E32740B30} = {745EB006-1927-452E-90C2-F8AEFF85FD08}
	EndGlobalSection
	GlobalSection(ExtensibilityGlobals) = postSolution
		SolutionGuid = {1A51E4C4-EF83-499C-9C1D-03B73E22626D}
	EndGlobalSection
EndGlobal
